
Microsoft Visual Studio Solution File, Format Version 12.00
# Visual Studio 15
VisualStudioVersion = 15.0.26730.16
MinimumVisualStudioVersion = 10.0.40219.1
Project("{FAE04EC0-301F-11D3-BF4B-00C04F79EFBC}") = "VSHelloWorld2_150221080", "VSHelloWorld2_150221080\VSHelloWorld2_150221080.csproj", "{C2BE5E6E-4D64-45E2-B856-2C371216765E}"
EndProject
Global
	GlobalSection(SolutionConfigurationPlatforms) = preSolution
		Debug|Any CPU = Debug|Any CPU
		Release|Any CPU = Release|Any CPU
	EndGlobalSection
	GlobalSection(ProjectConfigurationPlatforms) = postSolution
		{C2BE5E6E-4D64-45E2-B856-2C371216765E}.Debug|Any CPU.ActiveCfg = Debug|Any CPU
		{C2BE5E6E-4D64-45E2-B856-2C371216765E}.Debug|Any CPU.Build.0 = Debug|Any CPU
		{C2BE5E6E-4D64-45E2-B856-2C371216765E}.Release|Any CPU.ActiveCfg = Release|Any CPU
		{C2BE5E6E-4D64-45E2-B856-2C371216765E}.Release|Any CPU.Build.0 = Release|Any CPU
	EndGlobalSection
	GlobalSection(SolutionProperties) = preSolution
		HideSolutionNode = FALSE
	EndGlobalSection
	GlobalSection(ExtensibilityGlobals) = postSolution
		SolutionGuid = {7EB568E4-B90D-4C3B-8C49-B105E4B6AECC}
	EndGlobalSection
EndGlobal
